// !$*UTF8*$!
{
	archiveVersion = 1;
	classes = {
	};
	objectVersion = 46;
	objects = {

/* Begin PBXBuildFile section */
		043030131CAD65B700A491B9 /* ParseConvenience.swift in Sources */ = {isa = PBXBuildFile; fileRef = 043030121CAD65B700A491B9 /* ParseConvenience.swift */; };
		043030151CAD6BD500A491B9 /* ParseStudents.swift in Sources */ = {isa = PBXBuildFile; fileRef = 043030141CAD6BD500A491B9 /* ParseStudents.swift */; };
		048E1EC61CA5E65A0064760C /* AppDelegate.swift in Sources */ = {isa = PBXBuildFile; fileRef = 048E1EC51CA5E65A0064760C /* AppDelegate.swift */; };
		048E1ECB1CA5E65A0064760C /* Main.storyboard in Resources */ = {isa = PBXBuildFile; fileRef = 048E1EC91CA5E65A0064760C /* Main.storyboard */; };
		048E1ECD1CA5E65A0064760C /* Assets.xcassets in Resources */ = {isa = PBXBuildFile; fileRef = 048E1ECC1CA5E65A0064760C /* Assets.xcassets */; };
		048E1ED01CA5E65A0064760C /* LaunchScreen.storyboard in Resources */ = {isa = PBXBuildFile; fileRef = 048E1ECE1CA5E65A0064760C /* LaunchScreen.storyboard */; };
		049C656B1CA755D400044FC3 /* LoginViewController.swift in Sources */ = {isa = PBXBuildFile; fileRef = 049C656A1CA755D400044FC3 /* LoginViewController.swift */; };
		049C656F1CA8C55C00044FC3 /* MapViewController.swift in Sources */ = {isa = PBXBuildFile; fileRef = 049C656E1CA8C55C00044FC3 /* MapViewController.swift */; };
		049C65711CA8C6D900044FC3 /* GCDBlackBox.swift in Sources */ = {isa = PBXBuildFile; fileRef = 049C65701CA8C6D900044FC3 /* GCDBlackBox.swift */; };
		04AB641F1CAC1BFC00A83C08 /* ParseClient.swift in Sources */ = {isa = PBXBuildFile; fileRef = 04AB641E1CAC1BFC00A83C08 /* ParseClient.swift */; };
		04AB64231CAC1CD200A83C08 /* ParseConstants.swift in Sources */ = {isa = PBXBuildFile; fileRef = 04AB64221CAC1CD200A83C08 /* ParseConstants.swift */; };
		04C55D981CAD9F4400FAB9C4 /* ListViewController.swift in Sources */ = {isa = PBXBuildFile; fileRef = 04C55D971CAD9F4400FAB9C4 /* ListViewController.swift */; };
		04F9EECC1CAC487F00316198 /* UdacityClient.swift in Sources */ = {isa = PBXBuildFile; fileRef = 04F9EECB1CAC487F00316198 /* UdacityClient.swift */; };
		04F9EECE1CAC48E000316198 /* UdacityConstants.swift in Sources */ = {isa = PBXBuildFile; fileRef = 04F9EECD1CAC48E000316198 /* UdacityConstants.swift */; };
/* End PBXBuildFile section */

/* Begin PBXFileReference section */
		043030121CAD65B700A491B9 /* ParseConvenience.swift */ = {isa = PBXFileReference; fileEncoding = 4; lastKnownFileType = sourcecode.swift; path = ParseConvenience.swift; sourceTree = "<group>"; };
		043030141CAD6BD500A491B9 /* ParseStudents.swift */ = {isa = PBXFileReference; fileEncoding = 4; lastKnownFileType = sourcecode.swift; path = ParseStudents.swift; sourceTree = "<group>"; };
		048E1EC21CA5E65A0064760C /* OnTheMap.app */ = {isa = PBXFileReference; explicitFileType = wrapper.application; includeInIndex = 0; path = OnTheMap.app; sourceTree = BUILT_PRODUCTS_DIR; };
		048E1EC51CA5E65A0064760C /* AppDelegate.swift */ = {isa = PBXFileReference; lastKnownFileType = sourcecode.swift; path = AppDelegate.swift; sourceTree = "<group>"; };
		048E1ECA1CA5E65A0064760C /* Base */ = {isa = PBXFileReference; lastKnownFileType = file.storyboard; name = Base; path = Base.lproj/Main.storyboard; sourceTree = "<group>"; };
		048E1ECC1CA5E65A0064760C /* Assets.xcassets */ = {isa = PBXFileReference; lastKnownFileType = folder.assetcatalog; path = Assets.xcassets; sourceTree = "<group>"; };
		048E1ECF1CA5E65A0064760C /* Base */ = {isa = PBXFileReference; lastKnownFileType = file.storyboard; name = Base; path = Base.lproj/LaunchScreen.storyboard; sourceTree = "<group>"; };
		048E1ED11CA5E65A0064760C /* Info.plist */ = {isa = PBXFileReference; lastKnownFileType = text.plist.xml; path = Info.plist; sourceTree = "<group>"; };
		049C656A1CA755D400044FC3 /* LoginViewController.swift */ = {isa = PBXFileReference; fileEncoding = 4; lastKnownFileType = sourcecode.swift; path = LoginViewController.swift; sourceTree = "<group>"; };
		049C656E1CA8C55C00044FC3 /* MapViewController.swift */ = {isa = PBXFileReference; fileEncoding = 4; lastKnownFileType = sourcecode.swift; path = MapViewController.swift; sourceTree = "<group>"; };
		049C65701CA8C6D900044FC3 /* GCDBlackBox.swift */ = {isa = PBXFileReference; fileEncoding = 4; lastKnownFileType = sourcecode.swift; path = GCDBlackBox.swift; sourceTree = "<group>"; };
		04AB641E1CAC1BFC00A83C08 /* ParseClient.swift */ = {isa = PBXFileReference; fileEncoding = 4; lastKnownFileType = sourcecode.swift; path = ParseClient.swift; sourceTree = "<group>"; };
		04AB64221CAC1CD200A83C08 /* ParseConstants.swift */ = {isa = PBXFileReference; fileEncoding = 4; lastKnownFileType = sourcecode.swift; path = ParseConstants.swift; sourceTree = "<group>"; };
		04C55D971CAD9F4400FAB9C4 /* ListViewController.swift */ = {isa = PBXFileReference; fileEncoding = 4; lastKnownFileType = sourcecode.swift; path = ListViewController.swift; sourceTree = "<group>"; };
		04F9EECB1CAC487F00316198 /* UdacityClient.swift */ = {isa = PBXFileReference; fileEncoding = 4; lastKnownFileType = sourcecode.swift; path = UdacityClient.swift; sourceTree = "<group>"; };
		04F9EECD1CAC48E000316198 /* UdacityConstants.swift */ = {isa = PBXFileReference; fileEncoding = 4; lastKnownFileType = sourcecode.swift; path = UdacityConstants.swift; sourceTree = "<group>"; };
/* End PBXFileReference section */

/* Begin PBXFrameworksBuildPhase section */
		048E1EBF1CA5E65A0064760C /* Frameworks */ = {
			isa = PBXFrameworksBuildPhase;
			buildActionMask = 2147483647;
			files = (
			);
			runOnlyForDeploymentPostprocessing = 0;
		};
/* End PBXFrameworksBuildPhase section */

/* Begin PBXGroup section */
		048E1EB91CA5E6590064760C = {
			isa = PBXGroup;
			children = (
				04AB64181CAC1B0300A83C08 /* Model */,
				048E1EC41CA5E65A0064760C /* OnTheMap */,
				048E1EC31CA5E65A0064760C /* Products */,
			);
			sourceTree = "<group>";
		};
		048E1EC31CA5E65A0064760C /* Products */ = {
			isa = PBXGroup;
			children = (
				048E1EC21CA5E65A0064760C /* OnTheMap.app */,
			);
			name = Products;
			sourceTree = "<group>";
		};
		048E1EC41CA5E65A0064760C /* OnTheMap */ = {
			isa = PBXGroup;
			children = (
				048E1EC51CA5E65A0064760C /* AppDelegate.swift */,
				049C656A1CA755D400044FC3 /* LoginViewController.swift */,
				049C65701CA8C6D900044FC3 /* GCDBlackBox.swift */,
				049C656E1CA8C55C00044FC3 /* MapViewController.swift */,
				04C55D971CAD9F4400FAB9C4 /* ListViewController.swift */,
				048E1ED71CA5E6AC0064760C /* Assets */,
				048E1ED81CA5E6CA0064760C /* Supporting Files */,
			);
			path = OnTheMap;
			sourceTree = "<group>";
		};
		048E1ED71CA5E6AC0064760C /* Assets */ = {
			isa = PBXGroup;
			children = (
				048E1ECC1CA5E65A0064760C /* Assets.xcassets */,
				048E1EC91CA5E65A0064760C /* Main.storyboard */,
				048E1ECE1CA5E65A0064760C /* LaunchScreen.storyboard */,
			);
			name = Assets;
			sourceTree = "<group>";
		};
		048E1ED81CA5E6CA0064760C /* Supporting Files */ = {
			isa = PBXGroup;
			children = (
				048E1ED11CA5E65A0064760C /* Info.plist */,
			);
			name = "Supporting Files";
			sourceTree = "<group>";
		};
		04AB64181CAC1B0300A83C08 /* Model */ = {
			isa = PBXGroup;
			children = (
				04AB641B1CAC1B2A00A83C08 /* Parse */,
				04AB64191CAC1B0D00A83C08 /* Udacity */,
			);
			name = Model;
			sourceTree = "<group>";
		};
		04AB64191CAC1B0D00A83C08 /* Udacity */ = {
			isa = PBXGroup;
			children = (
				04F9EECB1CAC487F00316198 /* UdacityClient.swift */,
				04F9EECD1CAC48E000316198 /* UdacityConstants.swift */,
			);
			name = Udacity;
			sourceTree = "<group>";
		};
		04AB641B1CAC1B2A00A83C08 /* Parse */ = {
			isa = PBXGroup;
			children = (
				04AB641E1CAC1BFC00A83C08 /* ParseClient.swift */,
				04AB64221CAC1CD200A83C08 /* ParseConstants.swift */,
				043030121CAD65B700A491B9 /* ParseConvenience.swift */,
				043030141CAD6BD500A491B9 /* ParseStudents.swift */,
			);
			name = Parse;
			sourceTree = "<group>";
		};
/* End PBXGroup section */

/* Begin PBXNativeTarget section */
		048E1EC11CA5E65A0064760C /* OnTheMap */ = {
			isa = PBXNativeTarget;
			buildConfigurationList = 048E1ED41CA5E65A0064760C /* Build configuration list for PBXNativeTarget "OnTheMap" */;
			buildPhases = (
				048E1EBE1CA5E65A0064760C /* Sources */,
				048E1EBF1CA5E65A0064760C /* Frameworks */,
				048E1EC01CA5E65A0064760C /* Resources */,
			);
			buildRules = (
			);
			dependencies = (
			);
			name = OnTheMap;
			productName = OnTheMap;
			productReference = 048E1EC21CA5E65A0064760C /* OnTheMap.app */;
			productType = "com.apple.product-type.application";
		};
/* End PBXNativeTarget section */

/* Begin PBXProject section */
		048E1EBA1CA5E6590064760C /* Project object */ = {
			isa = PBXProject;
			attributes = {
				LastSwiftUpdateCheck = 0720;
				LastUpgradeCheck = 0720;
				ORGANIZATIONNAME = STDESIGN;
				TargetAttributes = {
					048E1EC11CA5E65A0064760C = {
						CreatedOnToolsVersion = 7.2;
					};
				};
			};
			buildConfigurationList = 048E1EBD1CA5E6590064760C /* Build configuration list for PBXProject "OnTheMap" */;
			compatibilityVersion = "Xcode 3.2";
			developmentRegion = English;
			hasScannedForEncodings = 0;
			knownRegions = (
				en,
				Base,
			);
			mainGroup = 048E1EB91CA5E6590064760C;
			productRefGroup = 048E1EC31CA5E65A0064760C /* Products */;
			projectDirPath = "";
			projectRoot = "";
			targets = (
				048E1EC11CA5E65A0064760C /* OnTheMap */,
			);
		};
/* End PBXProject section */

/* Begin PBXResourcesBuildPhase section */
		048E1EC01CA5E65A0064760C /* Resources */ = {
			isa = PBXResourcesBuildPhase;
			buildActionMask = 2147483647;
			files = (
				048E1ED01CA5E65A0064760C /* LaunchScreen.storyboard in Resources */,
				048E1ECD1CA5E65A0064760C /* Assets.xcassets in Resources */,
				048E1ECB1CA5E65A0064760C /* Main.storyboard in Resources */,
			);
			runOnlyForDeploymentPostprocessing = 0;
		};
/* End PBXResourcesBuildPhase section */

/* Begin PBXSourcesBuildPhase section */
		048E1EBE1CA5E65A0064760C /* Sources */ = {
			isa = PBXSourcesBuildPhase;
			buildActionMask = 2147483647;
			files = (
				049C656B1CA755D400044FC3 /* LoginViewController.swift in Sources */,
				049C656F1CA8C55C00044FC3 /* MapViewController.swift in Sources */,
				04F9EECC1CAC487F00316198 /* UdacityClient.swift in Sources */,
				04AB64231CAC1CD200A83C08 /* ParseConstants.swift in Sources */,
				04F9EECE1CAC48E000316198 /* UdacityConstants.swift in Sources */,
				04C55D981CAD9F4400FAB9C4 /* ListViewController.swift in Sources */,
				048E1EC61CA5E65A0064760C /* AppDelegate.swift in Sources */,
				049C65711CA8C6D900044FC3 /* GCDBlackBox.swift in Sources */,
				043030131CAD65B700A491B9 /* ParseConvenience.swift in Sources */,
				04AB641F1CAC1BFC00A83C08 /* ParseClient.swift in Sources */,
				043030151CAD6BD500A491B9 /* ParseStudents.swift in Sources */,
			);
			runOnlyForDeploymentPostprocessing = 0;
		};
/* End PBXSourcesBuildPhase section */

/* Begin PBXVariantGroup section */
		048E1EC91CA5E65A0064760C /* Main.storyboard */ = {
			isa = PBXVariantGroup;
			children = (
				048E1ECA1CA5E65A0064760C /* Base */,
			);
			name = Main.storyboard;
			sourceTree = "<group>";
		};
		048E1ECE1CA5E65A0064760C /* LaunchScreen.storyboard */ = {
			isa = PBXVariantGroup;
			children = (
				048E1ECF1CA5E65A0064760C /* Base */,
			);
			name = LaunchScreen.storyboard;
			sourceTree = "<group>";
		};
/* End PBXVariantGroup section */

/* Begin XCBuildConfiguration section */
		048E1ED21CA5E65A0064760C /* Debug */ = {
			isa = XCBuildConfiguration;
			buildSettings = {
				ALWAYS_SEARCH_USER_PATHS = NO;
				CLANG_CXX_LANGUAGE_STANDARD = "gnu++0x";
				CLANG_CXX_LIBRARY = "libc++";
				CLANG_ENABLE_MODULES = YES;
				CLANG_ENABLE_OBJC_ARC = YES;
				CLANG_WARN_BOOL_CONVERSION = YES;
				CLANG_WARN_CONSTANT_CONVERSION = YES;
				CLANG_WARN_DIRECT_OBJC_ISA_USAGE = YES_ERROR;
				CLANG_WARN_EMPTY_BODY = YES;
				CLANG_WARN_ENUM_CONVERSION = YES;
				CLANG_WARN_INT_CONVERSION = YES;
				CLANG_WARN_OBJC_ROOT_CLASS = YES_ERROR;
				CLANG_WARN_UNREACHABLE_CODE = YES;
				CLANG_WARN__DUPLICATE_METHOD_MATCH = YES;
				"CODE_SIGN_IDENTITY[sdk=iphoneos*]" = "iPhone Developer";
				COPY_PHASE_STRIP = NO;
				DEBUG_INFORMATION_FORMAT = dwarf;
				ENABLE_STRICT_OBJC_MSGSEND = YES;
				ENABLE_TESTABILITY = YES;
				GCC_C_LANGUAGE_STANDARD = gnu99;
				GCC_DYNAMIC_NO_PIC = NO;
				GCC_NO_COMMON_BLOCKS = YES;
				GCC_OPTIMIZATION_LEVEL = 0;
				GCC_PREPROCESSOR_DEFINITIONS = (
					"DEBUG=1",
					"$(inherited)",
				);
				GCC_WARN_64_TO_32_BIT_CONVERSION = YES;
				GCC_WARN_ABOUT_RETURN_TYPE = YES_ERROR;
				GCC_WARN_UNDECLARED_SELECTOR = YES;
				GCC_WARN_UNINITIALIZED_AUTOS = YES_AGGRESSIVE;
				GCC_WARN_UNUSED_FUNCTION = YES;
				GCC_WARN_UNUSED_VARIABLE = YES;
				IPHONEOS_DEPLOYMENT_TARGET = 9.2;
				MTL_ENABLE_DEBUG_INFO = YES;
				ONLY_ACTIVE_ARCH = YES;
				SDKROOT = iphoneos;
				SWIFT_OPTIMIZATION_LEVEL = "-Onone";
			};
			name = Debug;
		};
		048E1ED31CA5E65A0064760C /* Release */ = {
			isa = XCBuildConfiguration;
			buildSettings = {
				ALWAYS_SEARCH_USER_PATHS = NO;
				CLANG_CXX_LANGUAGE_STANDARD = "gnu++0x";
				CLANG_CXX_LIBRARY = "libc++";
				CLANG_ENABLE_MODULES = YES;
				CLANG_ENABLE_OBJC_ARC = YES;
				CLANG_WARN_BOOL_CONVERSION = YES;
				CLANG_WARN_CONSTANT_CONVERSION = YES;
				CLANG_WARN_DIRECT_OBJC_ISA_USAGE = YES_ERROR;
				CLANG_WARN_EMPTY_BODY = YES;
				CLANG_WARN_ENUM_CONVERSION = YES;
				CLANG_WARN_INT_CONVERSION = YES;
				CLANG_WARN_OBJC_ROOT_CLASS = YES_ERROR;
				CLANG_WARN_UNREACHABLE_CODE = YES;
				CLANG_WARN__DUPLICATE_METHOD_MATCH = YES;
				"CODE_SIGN_IDENTITY[sdk=iphoneos*]" = "iPhone Developer";
				COPY_PHASE_STRIP = NO;
				DEBUG_INFORMATION_FORMAT = "dwarf-with-dsym";
				ENABLE_NS_ASSERTIONS = NO;
				ENABLE_STRICT_OBJC_MSGSEND = YES;
				GCC_C_LANGUAGE_STANDARD = gnu99;
				GCC_NO_COMMON_BLOCKS = YES;
				GCC_WARN_64_TO_32_BIT_CONVERSION = YES;
				GCC_WARN_ABOUT_RETURN_TYPE = YES_ERROR;
				GCC_WARN_UNDECLARED_SELECTOR = YES;
				GCC_WARN_UNINITIALIZED_AUTOS = YES_AGGRESSIVE;
				GCC_WARN_UNUSED_FUNCTION = YES;
				GCC_WARN_UNUSED_VARIABLE = YES;
				IPHONEOS_DEPLOYMENT_TARGET = 9.2;
				MTL_ENABLE_DEBUG_INFO = NO;
				SDKROOT = iphoneos;
				VALIDATE_PRODUCT = YES;
			};
			name = Release;
		};
		048E1ED51CA5E65A0064760C /* Debug */ = {
			isa = XCBuildConfiguration;
			buildSettings = {
				ASSETCATALOG_COMPILER_APPICON_NAME = AppIcon;
				INFOPLIST_FILE = OnTheMap/Info.plist;
				LD_RUNPATH_SEARCH_PATHS = "$(inherited) @executable_path/Frameworks";
				PRODUCT_BUNDLE_IDENTIFIER = com.stdesign.OnTheMap;
				PRODUCT_NAME = "$(TARGET_NAME)";
				TARGETED_DEVICE_FAMILY = 1;
			};
			name = Debug;
		};
		048E1ED61CA5E65A0064760C /* Release */ = {
			isa = XCBuildConfiguration;
			buildSettings = {
				ASSETCATALOG_COMPILER_APPICON_NAME = AppIcon;
				INFOPLIST_FILE = OnTheMap/Info.plist;
				LD_RUNPATH_SEARCH_PATHS = "$(inherited) @executable_path/Frameworks";
				PRODUCT_BUNDLE_IDENTIFIER = com.stdesign.OnTheMap;
				PRODUCT_NAME = "$(TARGET_NAME)";
				TARGETED_DEVICE_FAMILY = 1;
			};
			name = Release;
		};
/* End XCBuildConfiguration section */

/* Begin XCConfigurationList section */
		048E1EBD1CA5E6590064760C /* Build configuration list for PBXProject "OnTheMap" */ = {
			isa = XCConfigurationList;
			buildConfigurations = (
				048E1ED21CA5E65A0064760C /* Debug */,
				048E1ED31CA5E65A0064760C /* Release */,
			);
			defaultConfigurationIsVisible = 0;
			defaultConfigurationName = Release;
		};
		048E1ED41CA5E65A0064760C /* Build configuration list for PBXNativeTarget "OnTheMap" */ = {
			isa = XCConfigurationList;
			buildConfigurations = (
				048E1ED51CA5E65A0064760C /* Debug */,
				048E1ED61CA5E65A0064760C /* Release */,
			);
			defaultConfigurationIsVisible = 0;
			defaultConfigurationName = Release;
		};
/* End XCConfigurationList section */
	};
	rootObject = 048E1EBA1CA5E6590064760C /* Project object */;
}
